[dependencies]
  [dependencies.argoproj]
    name = "argoproj"
    full_name = "argoproj_3.0.12"
    version = "3.0.12"
    sum = "BbYfZyN0IEOpN8jGdWzSZThNt4GUDrnA7P2GqZ0Ga6s="
    reg = "ghcr.io"
    repo = "kcl-lang/argoproj"
    oci_tag = "3.0.12"
  [dependencies.k8s]
    name = "k8s"
    full_name = "k8s_1.31.2"
    version = "1.31.2"
    sum = "xBZgPsnpVVyWBpahuPQHReeRx28eUHGFoaPeqbct+vs="
    reg = "ghcr.io"
    repo = "kcl-lang/k8s"
    oci_tag = "1.31.2"
  [dependencies.kubevirt]
    name = "kubevirt"
    full_name = "kubevirt_0.3.0"
    version = "0.3.0"
    sum = "dbInYF4IGLClnduMfO/bJGBxkB1vOg8PcO/U+uDpmms="
    reg = "ghcr.io"
    repo = "kcl-lang/kubevirt"
    oci_tag = "0.3.0"
